
Microsoft Visual Studio Solution File, Format Version 12.00
Project("{FAE04EC0-301F-11D3-BF4B-00C04F79EFBC}") = "ecommerce.API", "ecommerce.API\ecommerce.API.csproj", "{3C695943-FEEA-40B6-9B14-EB588DCDD3BD}"
EndProject
Project("{FAE04EC0-301F-11D3-BF4B-00C04F79EFBC}") = "ecommerce.Core", "ecommerce.Core\ecommerce.Core.csproj", "{23CCFBE9-0EE6-4FB9-B792-77DDADB3656F}"
EndProject
Project("{FAE04EC0-301F-11D3-BF4B-00C04F79EFBC}") = "ecommerce.Infrastructure", "ecommerce.Infrastructure\ecommerce.Infrastructure.csproj", "{0C22E794-FB9E-465E-A725-73240B43DC98}"
EndProject
Global
	GlobalSection(SolutionConfigurationPlatforms) = preSolution
		Debug|Any CPU = Debug|Any CPU
		Release|Any CPU = Release|Any CPU
	EndGlobalSection
	GlobalSection(ProjectConfigurationPlatforms) = postSolution
		{3C695943-FEEA-40B6-9B14-EB588DCDD3BD}.Debug|Any CPU.ActiveCfg = Debug|Any CPU
		{3C695943-FEEA-40B6-9B14-EB588DCDD3BD}.Debug|Any CPU.Build.0 = Debug|Any CPU
		{3C695943-FEEA-40B6-9B14-EB588DCDD3BD}.Release|Any CPU.ActiveCfg = Release|Any CPU
		{3C695943-FEEA-40B6-9B14-EB588DCDD3BD}.Release|Any CPU.Build.0 = Release|Any CPU
		{23CCFBE9-0EE6-4FB9-B792-77DDADB3656F}.Debug|Any CPU.ActiveCfg = Debug|Any CPU
		{23CCFBE9-0EE6-4FB9-B792-77DDADB3656F}.Debug|Any CPU.Build.0 = Debug|Any CPU
		{23CCFBE9-0EE6-4FB9-B792-77DDADB3656F}.Release|Any CPU.ActiveCfg = Release|Any CPU
		{23CCFBE9-0EE6-4FB9-B792-77DDADB3656F}.Release|Any CPU.Build.0 = Release|Any CPU
		{0C22E794-FB9E-465E-A725-73240B43DC98}.Debug|Any CPU.ActiveCfg = Debug|Any CPU
		{0C22E794-FB9E-465E-A725-73240B43DC98}.Debug|Any CPU.Build.0 = Debug|Any CPU
		{0C22E794-FB9E-465E-A725-73240B43DC98}.Release|Any CPU.ActiveCfg = Release|Any CPU
		{0C22E794-FB9E-465E-A725-73240B43DC98}.Release|Any CPU.Build.0 = Release|Any CPU
	EndGlobalSection
EndGlobal
